
Microsoft Visual Studio Solution File, Format Version 12.00
# Visual Studio Version 16
VisualStudioVersion = 16.0.30709.132
MinimumVisualStudioVersion = 10.0.40219.1
Project("{FAE04EC0-301F-11D3-BF4B-00C04F79EFBC}") = "EasyDatabase", "EasyDatabase.csproj", "{A73DA17E-6BE5-4399-98F7-7FAF83FCEAB3}"
EndProject
Global
	GlobalSection(SolutionConfigurationPlatforms) = preSolution
		Debug|Any CPU = Debug|Any CPU
		Release|Any CPU = Release|Any CPU
	EndGlobalSection
	GlobalSection(ProjectConfigurationPlatforms) = postSolution
		{A73DA17E-6BE5-4399-98F7-7FAF83FCEAB3}.Debug|Any CPU.ActiveCfg = Debug|Any CPU
		{A73DA17E-6BE5-4399-98F7-7FAF83FCEAB3}.Debug|Any CPU.Build.0 = Debug|Any CPU
		{A73DA17E-6BE5-4399-98F7-7FAF83FCEAB3}.Release|Any CPU.ActiveCfg = Release|Any CPU
		{A73DA17E-6BE5-4399-98F7-7FAF83FCEAB3}.Release|Any CPU.Build.0 = Release|Any CPU
	EndGlobalSection
	GlobalSection(SolutionProperties) = preSolution
		HideSolutionNode = FALSE
	EndGlobalSection
	GlobalSection(ExtensibilityGlobals) = postSolution
		SolutionGuid = {59469ADB-50FC-40D3-B1A0-BC682136E1EA}
	EndGlobalSection
EndGlobal
